
Microsoft Visual Studio Solution File, Format Version 12.00
# Visual Studio Version 17
VisualStudioVersion = 17.0.31912.275
MinimumVisualStudioVersion = 10.0.40219.1
Project("{FAE04EC0-301F-11D3-BF4B-00C04F79EFBC}") = "PostalOffice", "PostalOffice\PostalOffice.csproj", "{BBC154E6-EA76-494A-9DBE-EE5838BE2BDA}"
EndProject
Global
	GlobalSection(SolutionConfigurationPlatforms) = preSolution
		Debug|Any CPU = Debug|Any CPU
		Release|Any CPU = Release|Any CPU
	EndGlobalSection
	GlobalSection(ProjectConfigurationPlatforms) = postSolution
		{BBC154E6-EA76-494A-9DBE-EE5838BE2BDA}.Debug|Any CPU.ActiveCfg = Debug|Any CPU
		{BBC154E6-EA76-494A-9DBE-EE5838BE2BDA}.Debug|Any CPU.Build.0 = Debug|Any CPU
		{BBC154E6-EA76-494A-9DBE-EE5838BE2BDA}.Release|Any CPU.ActiveCfg = Release|Any CPU
		{BBC154E6-EA76-494A-9DBE-EE5838BE2BDA}.Release|Any CPU.Build.0 = Release|Any CPU
	EndGlobalSection
	GlobalSection(SolutionProperties) = preSolution
		HideSolutionNode = FALSE
	EndGlobalSection
	GlobalSection(ExtensibilityGlobals) = postSolution
		SolutionGuid = {09438392-4EA2-42E0-9DA0-E6738827D82A}
	EndGlobalSection
EndGlobal
